
Microsoft Visual Studio Solution File, Format Version 12.00
# Visual Studio Version 17
VisualStudioVersion = 17.5.002.0
MinimumVisualStudioVersion = 10.0.40219.1
Project("{9A19103F-16F7-4668-BE54-9A1E7A4F7556}") = "GameWeb", "GameWeb.csproj", "{7DD7E755-7A64-445A-8415-FACBB5DDA4A3}"
EndProject
Project("{FAE04EC0-301F-11D3-BF4B-00C04F79EFBC}") = "SocketTest", "..\..\TestProjects\SocketTest\SocketTest.csproj", "{721ABDDA-CD91-4AAF-AF15-9801A85A0EED}"
EndProject
Project("{FAE04EC0-301F-11D3-BF4B-00C04F79EFBC}") = "DesignTest", "..\DesignTest\DesignTest.csproj", "{5C9B878B-44C5-45BE-AFFF-AA647DA67240}"
EndProject
Global
	GlobalSection(SolutionConfigurationPlatforms) = preSolution
		Debug|Any CPU = Debug|Any CPU
		Release|Any CPU = Release|Any CPU
	EndGlobalSection
	GlobalSection(ProjectConfigurationPlatforms) = postSolution
		{7DD7E755-7A64-445A-8415-FACBB5DDA4A3}.Debug|Any CPU.ActiveCfg = Debug|Any CPU
		{7DD7E755-7A64-445A-8415-FACBB5DDA4A3}.Debug|Any CPU.Build.0 = Debug|Any CPU
		{7DD7E755-7A64-445A-8415-FACBB5DDA4A3}.Release|Any CPU.ActiveCfg = Release|Any CPU
		{7DD7E755-7A64-445A-8415-FACBB5DDA4A3}.Release|Any CPU.Build.0 = Release|Any CPU
		{721ABDDA-CD91-4AAF-AF15-9801A85A0EED}.Debug|Any CPU.ActiveCfg = Debug|Any CPU
		{721ABDDA-CD91-4AAF-AF15-9801A85A0EED}.Debug|Any CPU.Build.0 = Debug|Any CPU
		{721ABDDA-CD91-4AAF-AF15-9801A85A0EED}.Release|Any CPU.ActiveCfg = Release|Any CPU
		{721ABDDA-CD91-4AAF-AF15-9801A85A0EED}.Release|Any CPU.Build.0 = Release|Any CPU
		{5C9B878B-44C5-45BE-AFFF-AA647DA67240}.Debug|Any CPU.ActiveCfg = Debug|Any CPU
		{5C9B878B-44C5-45BE-AFFF-AA647DA67240}.Debug|Any CPU.Build.0 = Debug|Any CPU
		{5C9B878B-44C5-45BE-AFFF-AA647DA67240}.Release|Any CPU.ActiveCfg = Release|Any CPU
		{5C9B878B-44C5-45BE-AFFF-AA647DA67240}.Release|Any CPU.Build.0 = Release|Any CPU
	EndGlobalSection
	GlobalSection(SolutionProperties) = preSolution
		HideSolutionNode = FALSE
	EndGlobalSection
	GlobalSection(ExtensibilityGlobals) = postSolution
		SolutionGuid = {1503BF05-F12A-496D-B5C8-E3DB8B0E38B4}
	EndGlobalSection
EndGlobal
